{
  "name": "ags",
  "lockfileVersion": 3,
  "requires": true,
  "packages": {
    "": {
      "dependencies": {
        "gnim": "*"
      }
    },
    "node_modules/gnim": {
      "version": "1.9.1",
      "resolved": "https://registry.npmjs.org/gnim/-/gnim-1.9.1.tgz",
      "integrity": "sha512-WttkzzZg17qrJKGk87HlE1zHKUdYoimSqjmsULt4C6DNq3JfYSPhYNjwUjBMHFpzZMbyUVHgpTTW6IIehme9tQ==",
      "license": "MIT",
      "engines": {
        "gjs": ">=1.79.0"
      },
      "funding": {
        "type": "kofi",
        "url": "https://ko-fi.com/aylur"
      }
    }
  }
}
